
Microsoft Visual Studio Solution File, Format Version 12.00
# Visual Studio Version 17
VisualStudioVersion = 17.7.34221.43
MinimumVisualStudioVersion = 10.0.40219.1
Project("{FAE04EC0-301F-11D3-BF4B-00C04F79EFBC}") = "ASP_WebAPI", "ASP_WebAPI\ASP_WebAPI.csproj", "{360F42A5-2758-43DA-B555-D60CA891A6D5}"
EndProject
Project("{FAE04EC0-301F-11D3-BF4B-00C04F79EFBC}") = "ASP_Client", "ASP_Client\ASP_Client.csproj", "{2534102D-375B-4E3E-9C7E-59DDFCF00762}"
EndProject
Global
	GlobalSection(SolutionConfigurationPlatforms) = preSolution
		Debug|Any CPU = Debug|Any CPU
		Release|Any CPU = Release|Any CPU
	EndGlobalSection
	GlobalSection(ProjectConfigurationPlatforms) = postSolution
		{360F42A5-2758-43DA-B555-D60CA891A6D5}.Debug|Any CPU.ActiveCfg = Debug|Any CPU
		{360F42A5-2758-43DA-B555-D60CA891A6D5}.Debug|Any CPU.Build.0 = Debug|Any CPU
		{360F42A5-2758-43DA-B555-D60CA891A6D5}.Release|Any CPU.ActiveCfg = Release|Any CPU
		{360F42A5-2758-43DA-B555-D60CA891A6D5}.Release|Any CPU.Build.0 = Release|Any CPU
		{2534102D-375B-4E3E-9C7E-59DDFCF00762}.Debug|Any CPU.ActiveCfg = Debug|Any CPU
		{2534102D-375B-4E3E-9C7E-59DDFCF00762}.Debug|Any CPU.Build.0 = Debug|Any CPU
		{2534102D-375B-4E3E-9C7E-59DDFCF00762}.Release|Any CPU.ActiveCfg = Release|Any CPU
		{2534102D-375B-4E3E-9C7E-59DDFCF00762}.Release|Any CPU.Build.0 = Release|Any CPU
	EndGlobalSection
	GlobalSection(SolutionProperties) = preSolution
		HideSolutionNode = FALSE
	EndGlobalSection
	GlobalSection(ExtensibilityGlobals) = postSolution
		SolutionGuid = {B2A51B98-45F0-4258-8CB5-4AE1CEE1A129}
	EndGlobalSection
EndGlobal
